
Microsoft Visual Studio Solution File, Format Version 12.00
# Visual Studio Version 17
VisualStudioVersion = 17.10.35122.118
MinimumVisualStudioVersion = 10.0.40219.1
Project("{9A19103F-16F7-4668-BE54-9A1E7A4F7556}") = "SMS.Web", "SMS.Web\SMS.Web.csproj", "{A809D36A-1251-4D98-A20D-CF2918BE39DE}"
	ProjectSection(ProjectDependencies) = postProject
		{2CE8DCC7-0C99-418D-ACF2-F082DFE3C30F} = {2CE8DCC7-0C99-418D-ACF2-F082DFE3C30F}
		{82B36599-5B73-4B16-8165-835677BB8C69} = {82B36599-5B73-4B16-8165-835677BB8C69}
		{B0876897-7321-4CC6-8895-42B288B65366} = {B0876897-7321-4CC6-8895-42B288B65366}
		{CE73ED21-78AC-4014-9137-B47DB5B4F504} = {CE73ED21-78AC-4014-9137-B47DB5B4F504}
	EndProjectSection
EndProject
Project("{9A19103F-16F7-4668-BE54-9A1E7A4F7556}") = "SMS.AppCore", "SMS.AppCore\SMS.AppCore.csproj", "{B0876897-7321-4CC6-8895-42B288B65366}"
	ProjectSection(ProjectDependencies) = postProject
		{2CE8DCC7-0C99-418D-ACF2-F082DFE3C30F} = {2CE8DCC7-0C99-418D-ACF2-F082DFE3C30F}
	EndProjectSection
EndProject
Project("{9A19103F-16F7-4668-BE54-9A1E7A4F7556}") = "SMS.Infrastructure", "SMS.Infrastructure\SMS.Infrastructure.csproj", "{2CE8DCC7-0C99-418D-ACF2-F082DFE3C30F}"
EndProject
Project("{9A19103F-16F7-4668-BE54-9A1E7A4F7556}") = "SMS.Domain", "SMS.Domain\SMS.Domain.csproj", "{82B36599-5B73-4B16-8165-835677BB8C69}"
EndProject
Project("{9A19103F-16F7-4668-BE54-9A1E7A4F7556}") = "SMS.Notification", "SMS.Notification\SMS.Notification.csproj", "{CE73ED21-78AC-4014-9137-B47DB5B4F504}"
EndProject
Global
	GlobalSection(SolutionConfigurationPlatforms) = preSolution
		Debug|Any CPU = Debug|Any CPU
		Release|Any CPU = Release|Any CPU
	EndGlobalSection
	GlobalSection(ProjectConfigurationPlatforms) = postSolution
		{A809D36A-1251-4D98-A20D-CF2918BE39DE}.Debug|Any CPU.ActiveCfg = Debug|Any CPU
		{A809D36A-1251-4D98-A20D-CF2918BE39DE}.Debug|Any CPU.Build.0 = Debug|Any CPU
		{A809D36A-1251-4D98-A20D-CF2918BE39DE}.Release|Any CPU.ActiveCfg = Release|Any CPU
		{A809D36A-1251-4D98-A20D-CF2918BE39DE}.Release|Any CPU.Build.0 = Release|Any CPU
		{B0876897-7321-4CC6-8895-42B288B65366}.Debug|Any CPU.ActiveCfg = Debug|Any CPU
		{B0876897-7321-4CC6-8895-42B288B65366}.Debug|Any CPU.Build.0 = Debug|Any CPU
		{B0876897-7321-4CC6-8895-42B288B65366}.Release|Any CPU.ActiveCfg = Release|Any CPU
		{B0876897-7321-4CC6-8895-42B288B65366}.Release|Any CPU.Build.0 = Release|Any CPU
		{2CE8DCC7-0C99-418D-ACF2-F082DFE3C30F}.Debug|Any CPU.ActiveCfg = Debug|Any CPU
		{2CE8DCC7-0C99-418D-ACF2-F082DFE3C30F}.Debug|Any CPU.Build.0 = Debug|Any CPU
		{2CE8DCC7-0C99-418D-ACF2-F082DFE3C30F}.Release|Any CPU.ActiveCfg = Release|Any CPU
		{2CE8DCC7-0C99-418D-ACF2-F082DFE3C30F}.Release|Any CPU.Build.0 = Release|Any CPU
		{82B36599-5B73-4B16-8165-835677BB8C69}.Debug|Any CPU.ActiveCfg = Debug|Any CPU
		{82B36599-5B73-4B16-8165-835677BB8C69}.Debug|Any CPU.Build.0 = Debug|Any CPU
		{82B36599-5B73-4B16-8165-835677BB8C69}.Release|Any CPU.ActiveCfg = Release|Any CPU
		{82B36599-5B73-4B16-8165-835677BB8C69}.Release|Any CPU.Build.0 = Release|Any CPU
		{CE73ED21-78AC-4014-9137-B47DB5B4F504}.Debug|Any CPU.ActiveCfg = Debug|Any CPU
		{CE73ED21-78AC-4014-9137-B47DB5B4F504}.Debug|Any CPU.Build.0 = Debug|Any CPU
		{CE73ED21-78AC-4014-9137-B47DB5B4F504}.Release|Any CPU.ActiveCfg = Release|Any CPU
		{CE73ED21-78AC-4014-9137-B47DB5B4F504}.Release|Any CPU.Build.0 = Release|Any CPU
	EndGlobalSection
	GlobalSection(SolutionProperties) = preSolution
		HideSolutionNode = FALSE
	EndGlobalSection
	GlobalSection(ExtensibilityGlobals) = postSolution
		SolutionGuid = {CB7A7FB2-AE58-47B7-A76E-C9235F42C0B8}
	EndGlobalSection
EndGlobal
